# This file is generated by running "yarn install" inside your project.
# Manual changes might be lost - proceed with caution!

__metadata:
  version: 4

"@miq/myapp-1@workspace:packages/myapp-1":
  version: 0.0.0-use.local
  resolution: "@miq/myapp-1@workspace:packages/myapp-1"
  dependencies:
    "@miq/myapp-2": "workspace:*"
  languageName: unknown
  linkType: soft

"@miq/myapp-2@workspace:*, @miq/myapp-2@workspace:packages/myapp-2":
  version: 0.0.0-use.local
  resolution: "@miq/myapp-2@workspace:packages/myapp-2"
  languageName: unknown
  linkType: soft

"@miq/yarn-2-workspaces-monorepo-example@workspace:.":
  version: 0.0.0-use.local
  resolution: "@miq/yarn-2-workspaces-monorepo-example@workspace:."
  languageName: unknown
  linkType: soft
